Microsoft Visual Studio Solution File, Format Version 12.00
# Visual Studio Version 17
VisualStudioVersion = 17.0.32112.339
MinimumVisualStudioVersion = 10.0.40219.1
Project("{2150E333-8FDC-42A3-9474-1A3956D46DE8}") = "src", "src", "{BC7CA20F-741B-4757-8833-EA38E62FC786}"
EndProject
Project("{2150E333-8FDC-42A3-9474-1A3956D46DE8}") = "tests", "tests", "{07E15C51-014F-4C05-B709-C273D2D4E78C}"
EndProject
Project("{2150E333-8FDC-42A3-9474-1A3956D46DE8}") = "Solution Items", "Solution Items", "{8A52191F-DCC6-4487-AFFF-4B6BB86231FC}"
	ProjectSection(SolutionItems) = preProject
		.csharpierrc = .csharpierrc
		.editorconfig = .editorconfig
		LICENSE = LICENSE
		README.md = README.md
	EndProjectSection
EndProject
Project("{2150E333-8FDC-42A3-9474-1A3956D46DE8}") = "demoProjects", "demoProjects", "{C2862877-E704-4F19-98CB-D48F03FCA240}"
EndProject
Project("{2150E333-8FDC-42A3-9474-1A3956D46DE8}") = "rentACar", "rentACar", "{1E2AE2FC-D3E5-4F12-95BA-23599DCE1E66}"
EndProject
Project("{9A19103F-16F7-4668-BE54-9A1E7A4F7556}") = "Application", "src\demoProjects\rentACar\Application\Application.csproj", "{58059518-BF5F-43E4-AFA9-6D3AFFA8091C}"
EndProject
Project("{9A19103F-16F7-4668-BE54-9A1E7A4F7556}") = "Domain", "src\demoProjects\rentACar\Domain\Domain.csproj", "{741231D4-192B-42E7-AB5E-03BC3C664FBF}"
EndProject
Project("{9A19103F-16F7-4668-BE54-9A1E7A4F7556}") = "Persistence", "src\demoProjects\rentACar\Persistence\Persistence.csproj", "{B79B2592-4FAC-46BE-A4F3-5B3C2FD8462B}"
EndProject
Project("{9A19103F-16F7-4668-BE54-9A1E7A4F7556}") = "Infrastructure", "src\demoProjects\rentACar\Infrastructure\Infrastructure.csproj", "{249C8A55-0500-4541-BF08-4B39ED777324}"
EndProject
Project("{9A19103F-16F7-4668-BE54-9A1E7A4F7556}") = "WebAPI", "src\demoProjects\rentACar\WebAPI\WebAPI.csproj", "{F2B53AA1-D1C0-4DC1-8F7D-FF16A4ADFC9A}"
EndProject
Project("{2150E333-8FDC-42A3-9474-1A3956D46DE8}") = "corePackages", "corePackages", "{C2774610-61F3-43A9-A0C3-5F1636A38F48}"
EndProject
Project("{9A19103F-16F7-4668-BE54-9A1E7A4F7556}") = "Core.Application", "src\corePackages\Core.Application\Core.Application.csproj", "{63993C61-BC11-4B7B-9A37-620C8E0D6925}"
EndProject
Project("{9A19103F-16F7-4668-BE54-9A1E7A4F7556}") = "Core.CrossCuttingConcerns", "src\corePackages\Core.CrossCuttingConcers\Core.CrossCuttingConcerns.csproj", "{E56DB484-DE2F-45EC-B810-EA8C28968E51}"
EndProject
Project("{9A19103F-16F7-4668-BE54-9A1E7A4F7556}") = "Core.ElasticSearch", "src\corePackages\Core.ElasticSearch\Core.ElasticSearch.csproj", "{EFD4D8B2-3F5F-45E4-AA62-3BD6AB77A9A3}"
EndProject
Project("{9A19103F-16F7-4668-BE54-9A1E7A4F7556}") = "Core.Mailing", "src\corePackages\Core.Mailing\Core.Mailing.csproj", "{4AF746C4-0D39-40A7-AF04-136B20BC89D5}"
EndProject
Project("{9A19103F-16F7-4668-BE54-9A1E7A4F7556}") = "Core.Persistence", "src\corePackages\Core.Persistence\Core.Persistence.csproj", "{907A279D-6CFF-4A71-9790-D3C4A7F27330}"
EndProject
Project("{9A19103F-16F7-4668-BE54-9A1E7A4F7556}") = "Core.Security", "src\corePackages\Core.Security\Core.Security.csproj", "{0EFD0B5C-D0D9-4ED5-9DFB-65558388FB5C}"
EndProject
Global
	GlobalSection(SolutionConfigurationPlatforms) = preSolution
		Debug|Any CPU = Debug|Any CPU
		Release|Any CPU = Release|Any CPU
	EndGlobalSection
	GlobalSection(ProjectConfigurationPlatforms) = postSolution
		{58059518-BF5F-43E4-AFA9-6D3AFFA8091C}.Debug|Any CPU.ActiveCfg = Debug|Any CPU
		{58059518-BF5F-43E4-AFA9-6D3AFFA8091C}.Debug|Any CPU.Build.0 = Debug|Any CPU
		{58059518-BF5F-43E4-AFA9-6D3AFFA8091C}.Release|Any CPU.ActiveCfg = Release|Any CPU
		{58059518-BF5F-43E4-AFA9-6D3AFFA8091C}.Release|Any CPU.Build.0 = Release|Any CPU
		{741231D4-192B-42E7-AB5E-03BC3C664FBF}.Debug|Any CPU.ActiveCfg = Debug|Any CPU
		{741231D4-192B-42E7-AB5E-03BC3C664FBF}.Debug|Any CPU.Build.0 = Debug|Any CPU
		{741231D4-192B-42E7-AB5E-03BC3C664FBF}.Release|Any CPU.ActiveCfg = Release|Any CPU
		{741231D4-192B-42E7-AB5E-03BC3C664FBF}.Release|Any CPU.Build.0 = Release|Any CPU
		{B79B2592-4FAC-46BE-A4F3-5B3C2FD8462B}.Debug|Any CPU.ActiveCfg = Debug|Any CPU
		{B79B2592-4FAC-46BE-A4F3-5B3C2FD8462B}.Debug|Any CPU.Build.0 = Debug|Any CPU
		{B79B2592-4FAC-46BE-A4F3-5B3C2FD8462B}.Release|Any CPU.ActiveCfg = Release|Any CPU
		{B79B2592-4FAC-46BE-A4F3-5B3C2FD8462B}.Release|Any CPU.Build.0 = Release|Any CPU
		{249C8A55-0500-4541-BF08-4B39ED777324}.Debug|Any CPU.ActiveCfg = Debug|Any CPU
		{249C8A55-0500-4541-BF08-4B39ED777324}.Debug|Any CPU.Build.0 = Debug|Any CPU
		{249C8A55-0500-4541-BF08-4B39ED777324}.Release|Any CPU.ActiveCfg = Release|Any CPU
		{249C8A55-0500-4541-BF08-4B39ED777324}.Release|Any CPU.Build.0 = Release|Any CPU
		{F2B53AA1-D1C0-4DC1-8F7D-FF16A4ADFC9A}.Debug|Any CPU.ActiveCfg = Debug|Any CPU
		{F2B53AA1-D1C0-4DC1-8F7D-FF16A4ADFC9A}.Debug|Any CPU.Build.0 = Debug|Any CPU
		{F2B53AA1-D1C0-4DC1-8F7D-FF16A4ADFC9A}.Release|Any CPU.ActiveCfg = Release|Any CPU
		{F2B53AA1-D1C0-4DC1-8F7D-FF16A4ADFC9A}.Release|Any CPU.Build.0 = Release|Any CPU
		{63993C61-BC11-4B7B-9A37-620C8E0D6925}.Debug|Any CPU.ActiveCfg = Debug|Any CPU
		{63993C61-BC11-4B7B-9A37-620C8E0D6925}.Debug|Any CPU.Build.0 = Debug|Any CPU
		{63993C61-BC11-4B7B-9A37-620C8E0D6925}.Release|Any CPU.ActiveCfg = Release|Any CPU
		{63993C61-BC11-4B7B-9A37-620C8E0D6925}.Release|Any CPU.Build.0 = Release|Any CPU
		{E56DB484-DE2F-45EC-B810-EA8C28968E51}.Debug|Any CPU.ActiveCfg = Debug|Any CPU
		{E56DB484-DE2F-45EC-B810-EA8C28968E51}.Debug|Any CPU.Build.0 = Debug|Any CPU
		{E56DB484-DE2F-45EC-B810-EA8C28968E51}.Release|Any CPU.ActiveCfg = Release|Any CPU
		{E56DB484-DE2F-45EC-B810-EA8C28968E51}.Release|Any CPU.Build.0 = Release|Any CPU
		{EFD4D8B2-3F5F-45E4-AA62-3BD6AB77A9A3}.Debug|Any CPU.ActiveCfg = Debug|Any CPU
		{EFD4D8B2-3F5F-45E4-AA62-3BD6AB77A9A3}.Debug|Any CPU.Build.0 = Debug|Any CPU
		{EFD4D8B2-3F5F-45E4-AA62-3BD6AB77A9A3}.Release|Any CPU.ActiveCfg = Release|Any CPU
		{EFD4D8B2-3F5F-45E4-AA62-3BD6AB77A9A3}.Release|Any CPU.Build.0 = Release|Any CPU
		{4AF746C4-0D39-40A7-AF04-136B20BC89D5}.Debug|Any CPU.ActiveCfg = Debug|Any CPU
		{4AF746C4-0D39-40A7-AF04-136B20BC89D5}.Debug|Any CPU.Build.0 = Debug|Any CPU
		{4AF746C4-0D39-40A7-AF04-136B20BC89D5}.Release|Any CPU.ActiveCfg = Release|Any CPU
		{4AF746C4-0D39-40A7-AF04-136B20BC89D5}.Release|Any CPU.Build.0 = Release|Any CPU
		{907A279D-6CFF-4A71-9790-D3C4A7F27330}.Debug|Any CPU.ActiveCfg = Debug|Any CPU
		{907A279D-6CFF-4A71-9790-D3C4A7F27330}.Debug|Any CPU.Build.0 = Debug|Any CPU
		{907A279D-6CFF-4A71-9790-D3C4A7F27330}.Release|Any CPU.ActiveCfg = Release|Any CPU
		{907A279D-6CFF-4A71-9790-D3C4A7F27330}.Release|Any CPU.Build.0 = Release|Any CPU
		{0EFD0B5C-D0D9-4ED5-9DFB-65558388FB5C}.Debug|Any CPU.ActiveCfg = Debug|Any CPU
		{0EFD0B5C-D0D9-4ED5-9DFB-65558388FB5C}.Debug|Any CPU.Build.0 = Debug|Any CPU
		{0EFD0B5C-D0D9-4ED5-9DFB-65558388FB5C}.Release|Any CPU.ActiveCfg = Release|Any CPU
		{0EFD0B5C-D0D9-4ED5-9DFB-65558388FB5C}.Release|Any CPU.Build.0 = Release|Any CPU
	EndGlobalSection
	GlobalSection(SolutionProperties) = preSolution
		HideSolutionNode = FALSE
	EndGlobalSection
	GlobalSection(NestedProjects) = preSolution
		{C2862877-E704-4F19-98CB-D48F03FCA240} = {BC7CA20F-741B-4757-8833-EA38E62FC786}
		{1E2AE2FC-D3E5-4F12-95BA-23599DCE1E66} = {C2862877-E704-4F19-98CB-D48F03FCA240}
		{58059518-BF5F-43E4-AFA9-6D3AFFA8091C} = {1E2AE2FC-D3E5-4F12-95BA-23599DCE1E66}
		{741231D4-192B-42E7-AB5E-03BC3C664FBF} = {1E2AE2FC-D3E5-4F12-95BA-23599DCE1E66}
		{B79B2592-4FAC-46BE-A4F3-5B3C2FD8462B} = {1E2AE2FC-D3E5-4F12-95BA-23599DCE1E66}
		{249C8A55-0500-4541-BF08-4B39ED777324} = {1E2AE2FC-D3E5-4F12-95BA-23599DCE1E66}
		{F2B53AA1-D1C0-4DC1-8F7D-FF16A4ADFC9A} = {1E2AE2FC-D3E5-4F12-95BA-23599DCE1E66}
		{C2774610-61F3-43A9-A0C3-5F1636A38F48} = {BC7CA20F-741B-4757-8833-EA38E62FC786}
		{63993C61-BC11-4B7B-9A37-620C8E0D6925} = {C2774610-61F3-43A9-A0C3-5F1636A38F48}
		{E56DB484-DE2F-45EC-B810-EA8C28968E51} = {C2774610-61F3-43A9-A0C3-5F1636A38F48}
		{EFD4D8B2-3F5F-45E4-AA62-3BD6AB77A9A3} = {C2774610-61F3-43A9-A0C3-5F1636A38F48}
		{4AF746C4-0D39-40A7-AF04-136B20BC89D5} = {C2774610-61F3-43A9-A0C3-5F1636A38F48}
		{907A279D-6CFF-4A71-9790-D3C4A7F27330} = {C2774610-61F3-43A9-A0C3-5F1636A38F48}
		{0EFD0B5C-D0D9-4ED5-9DFB-65558388FB5C} = {C2774610-61F3-43A9-A0C3-5F1636A38F48}
	EndGlobalSection
	GlobalSection(ExtensibilityGlobals) = postSolution
		SolutionGuid = {9208CFCE-156A-49CD-9E43-32CE67AAB957}
	EndGlobalSection
EndGlobal
